// !$*UTF8*$!
{
	archiveVersion = 1;
	classes = {
	};
	objectVersion = 50;
	objects = {

/* Begin PBXBuildFile section */
		2C65268E21260575006EF3BA /* AppDelegate.swift in Sources */ = {isa = PBXBuildFile; fileRef = 2C65268D21260575006EF3BA /* AppDelegate.swift */; };
		2C65269021260575006EF3BA /* ViewController.swift in Sources */ = {isa = PBXBuildFile; fileRef = 2C65268F21260575006EF3BA /* ViewController.swift */; };
		2C65269321260575006EF3BA /* Main.storyboard in Resources */ = {isa = PBXBuildFile; fileRef = 2C65269121260575006EF3BA /* Main.storyboard */; };
		2C65269521260576006EF3BA /* Assets.xcassets in Resources */ = {isa = PBXBuildFile; fileRef = 2C65269421260576006EF3BA /* Assets.xcassets */; };
		2C65269821260576006EF3BA /* LaunchScreen.storyboard in Resources */ = {isa = PBXBuildFile; fileRef = 2C65269621260576006EF3BA /* LaunchScreen.storyboard */; };
		2C6526A2212607A7006EF3BA /* Socket.framework in Frameworks */ = {isa = PBXBuildFile; fileRef = 2C6526A1212607A7006EF3BA /* Socket.framework */; };
		2C6526A6212607DD006EF3BA /* Socket.framework in CopyFiles */ = {isa = PBXBuildFile; fileRef = 2C6526A5212607DD006EF3BA /* Socket.framework */; settings = {ATTRIBUTES = (CodeSignOnCopy, RemoveHeadersOnCopy, ); }; };
		2C6526AA212608EA006EF3BA /* SSLService.swift in Sources */ = {isa = PBXBuildFile; fileRef = 2C6526A9212608EA006EF3BA /* SSLService.swift */; };
		2C6526AE21260B54006EF3BA /* Connection.swift in Sources */ = {isa = PBXBuildFile; fileRef = 2C6526AD21260B54006EF3BA /* Connection.swift */; };
		2C6526B021261502006EF3BA /* Photoshare.swift in Sources */ = {isa = PBXBuildFile; fileRef = 2C6526AF21261502006EF3BA /* Photoshare.swift */; };
		2C6526B22126150C006EF3BA /* PSMessage.swift in Sources */ = {isa = PBXBuildFile; fileRef = 2C6526B12126150C006EF3BA /* PSMessage.swift */; };
		2C72637E212D36300017409F /* WelcomeViewController.swift in Sources */ = {isa = PBXBuildFile; fileRef = 2C72637D212D36300017409F /* WelcomeViewController.swift */; };
/* End PBXBuildFile section */

/* Begin PBXCopyFilesBuildPhase section */
		2C6526A4212607D1006EF3BA /* CopyFiles */ = {
			isa = PBXCopyFilesBuildPhase;
			buildActionMask = 2147483647;
			dstPath = "";
			dstSubfolderSpec = 10;
			files = (
				2C6526A6212607DD006EF3BA /* Socket.framework in CopyFiles */,
			);
			runOnlyForDeploymentPostprocessing = 0;
		};
/* End PBXCopyFilesBuildPhase section */

/* Begin PBXFileReference section */
		2C65268A21260575006EF3BA /* Photoshare.app */ = {isa = PBXFileReference; explicitFileType = wrapper.application; includeInIndex = 0; path = Photoshare.app; sourceTree = BUILT_PRODUCTS_DIR; };
		2C65268D21260575006EF3BA /* AppDelegate.swift */ = {isa = PBXFileReference; lastKnownFileType = sourcecode.swift; path = AppDelegate.swift; sourceTree = "<group>"; };
		2C65268F21260575006EF3BA /* ViewController.swift */ = {isa = PBXFileReference; lastKnownFileType = sourcecode.swift; path = ViewController.swift; sourceTree = "<group>"; };
		2C65269221260575006EF3BA /* Base */ = {isa = PBXFileReference; lastKnownFileType = file.storyboard; name = Base; path = Base.lproj/Main.storyboard; sourceTree = "<group>"; };
		2C65269421260576006EF3BA /* Assets.xcassets */ = {isa = PBXFileReference; lastKnownFileType = folder.assetcatalog; path = Assets.xcassets; sourceTree = "<group>"; };
		2C65269721260576006EF3BA /* Base */ = {isa = PBXFileReference; lastKnownFileType = file.storyboard; name = Base; path = Base.lproj/LaunchScreen.storyboard; sourceTree = "<group>"; };
		2C65269921260576006EF3BA /* Info.plist */ = {isa = PBXFileReference; lastKnownFileType = text.plist.xml; path = Info.plist; sourceTree = "<group>"; };
		2C6526A1212607A7006EF3BA /* Socket.framework */ = {isa = PBXFileReference; lastKnownFileType = wrapper.framework; name = Socket.framework; path = Carthage/Build/iOS/Socket.framework; sourceTree = "<group>"; };
		2C6526A5212607DD006EF3BA /* Socket.framework */ = {isa = PBXFileReference; lastKnownFileType = wrapper.framework; name = Socket.framework; path = Carthage/Build/iOS/Socket.framework; sourceTree = "<group>"; };
		2C6526A9212608EA006EF3BA /* SSLService.swift */ = {isa = PBXFileReference; fileEncoding = 4; lastKnownFileType = sourcecode.swift; path = SSLService.swift; sourceTree = "<group>"; };
		2C6526AD21260B54006EF3BA /* Connection.swift */ = {isa = PBXFileReference; lastKnownFileType = sourcecode.swift; path = Connection.swift; sourceTree = "<group>"; };
		2C6526AF21261502006EF3BA /* Photoshare.swift */ = {isa = PBXFileReference; lastKnownFileType = sourcecode.swift; path = Photoshare.swift; sourceTree = "<group>"; };
		2C6526B12126150C006EF3BA /* PSMessage.swift */ = {isa = PBXFileReference; lastKnownFileType = sourcecode.swift; path = PSMessage.swift; sourceTree = "<group>"; };
		2C72637D212D36300017409F /* WelcomeViewController.swift */ = {isa = PBXFileReference; lastKnownFileType = sourcecode.swift; path = WelcomeViewController.swift; sourceTree = "<group>"; };
/* End PBXFileReference section */

/* Begin PBXFrameworksBuildPhase section */
		2C65268721260575006EF3BA /* Frameworks */ = {
			isa = PBXFrameworksBuildPhase;
			buildActionMask = 2147483647;
			files = (
				2C6526A2212607A7006EF3BA /* Socket.framework in Frameworks */,
			);
			runOnlyForDeploymentPostprocessing = 0;
		};
/* End PBXFrameworksBuildPhase section */

/* Begin PBXGroup section */
		2C65268121260575006EF3BA = {
			isa = PBXGroup;
			children = (
				2C6526A5212607DD006EF3BA /* Socket.framework */,
				2C65268C21260575006EF3BA /* Photoshare */,
				2C65268B21260575006EF3BA /* Products */,
				2C6526A0212607A7006EF3BA /* Frameworks */,
			);
			sourceTree = "<group>";
		};
		2C65268B21260575006EF3BA /* Products */ = {
			isa = PBXGroup;
			children = (
				2C65268A21260575006EF3BA /* Photoshare.app */,
			);
			name = Products;
			sourceTree = "<group>";
		};
		2C65268C21260575006EF3BA /* Photoshare */ = {
			isa = PBXGroup;
			children = (
				2C65269F212605AB006EF3BA /* Supporting Files */,
				2C65268F21260575006EF3BA /* ViewController.swift */,
				2C6526AF21261502006EF3BA /* Photoshare.swift */,
				2C6526B12126150C006EF3BA /* PSMessage.swift */,
				2C6526AD21260B54006EF3BA /* Connection.swift */,
				2C65269121260575006EF3BA /* Main.storyboard */,
				2C72637D212D36300017409F /* WelcomeViewController.swift */,
				2C65269921260576006EF3BA /* Info.plist */,
			);
			path = Photoshare;
			sourceTree = "<group>";
		};
		2C65269F212605AB006EF3BA /* Supporting Files */ = {
			isa = PBXGroup;
			children = (
				2C6526A9212608EA006EF3BA /* SSLService.swift */,
				2C65268D21260575006EF3BA /* AppDelegate.swift */,
				2C65269421260576006EF3BA /* Assets.xcassets */,
				2C65269621260576006EF3BA /* LaunchScreen.storyboard */,
			);
			path = "Supporting Files";
			sourceTree = "<group>";
		};
		2C6526A0212607A7006EF3BA /* Frameworks */ = {
			isa = PBXGroup;
			children = (
				2C6526A1212607A7006EF3BA /* Socket.framework */,
			);
			name = Frameworks;
			sourceTree = "<group>";
		};
/* End PBXGroup section */

/* Begin PBXNativeTarget section */
		2C65268921260575006EF3BA /* Photoshare */ = {
			isa = PBXNativeTarget;
			buildConfigurationList = 2C65269C21260576006EF3BA /* Build configuration list for PBXNativeTarget "Photoshare" */;
			buildPhases = (
				2C65268621260575006EF3BA /* Sources */,
				2C65268721260575006EF3BA /* Frameworks */,
				2C65268821260575006EF3BA /* Resources */,
				2C6526A3212607B0006EF3BA /* ShellScript */,
				2C6526A4212607D1006EF3BA /* CopyFiles */,
			);
			buildRules = (
			);
			dependencies = (
			);
			name = Photoshare;
			productName = Photoshare;
			productReference = 2C65268A21260575006EF3BA /* Photoshare.app */;
			productType = "com.apple.product-type.application";
		};
/* End PBXNativeTarget section */

/* Begin PBXProject section */
		2C65268221260575006EF3BA /* Project object */ = {
			isa = PBXProject;
			attributes = {
				LastSwiftUpdateCheck = 0940;
				LastUpgradeCheck = 0940;
				ORGANIZATIONNAME = Marcus;
				TargetAttributes = {
					2C65268921260575006EF3BA = {
						CreatedOnToolsVersion = 9.4.1;
					};
				};
			};
			buildConfigurationList = 2C65268521260575006EF3BA /* Build configuration list for PBXProject "Photoshare" */;
			compatibilityVersion = "Xcode 9.3";
			developmentRegion = en;
			hasScannedForEncodings = 0;
			knownRegions = (
				en,
				Base,
			);
			mainGroup = 2C65268121260575006EF3BA;
			productRefGroup = 2C65268B21260575006EF3BA /* Products */;
			projectDirPath = "";
			projectRoot = "";
			targets = (
				2C65268921260575006EF3BA /* Photoshare */,
			);
		};
/* End PBXProject section */

/* Begin PBXResourcesBuildPhase section */
		2C65268821260575006EF3BA /* Resources */ = {
			isa = PBXResourcesBuildPhase;
			buildActionMask = 2147483647;
			files = (
				2C65269821260576006EF3BA /* LaunchScreen.storyboard in Resources */,
				2C65269521260576006EF3BA /* Assets.xcassets in Resources */,
				2C65269321260575006EF3BA /* Main.storyboard in Resources */,
			);
			runOnlyForDeploymentPostprocessing = 0;
		};
/* End PBXResourcesBuildPhase section */

/* Begin PBXShellScriptBuildPhase section */
		2C6526A3212607B0006EF3BA /* ShellScript */ = {
			isa = PBXShellScriptBuildPhase;
			buildActionMask = 8;
			files = (
			);
			inputPaths = (
				"$(SRCROOT)/Carthage/Build/iOS/Socket.framework",
			);
			outputPaths = (
			);
			runOnlyForDeploymentPostprocessing = 1;
			shellPath = "/usr/local/bin/carthage copy-frameworks";
			shellScript = "";
		};
/* End PBXShellScriptBuildPhase section */

/* Begin PBXSourcesBuildPhase section */
		2C65268621260575006EF3BA /* Sources */ = {
			isa = PBXSourcesBuildPhase;
			buildActionMask = 2147483647;
			files = (
				2C6526B22126150C006EF3BA /* PSMessage.swift in Sources */,
				2C65269021260575006EF3BA /* ViewController.swift in Sources */,
				2C6526AE21260B54006EF3BA /* Connection.swift in Sources */,
				2C65268E21260575006EF3BA /* AppDelegate.swift in Sources */,
				2C6526AA212608EA006EF3BA /* SSLService.swift in Sources */,
				2C6526B021261502006EF3BA /* Photoshare.swift in Sources */,
				2C72637E212D36300017409F /* WelcomeViewController.swift in Sources */,
			);
			runOnlyForDeploymentPostprocessing = 0;
		};
/* End PBXSourcesBuildPhase section */

/* Begin PBXVariantGroup section */
		2C65269121260575006EF3BA /* Main.storyboard */ = {
			isa = PBXVariantGroup;
			children = (
				2C65269221260575006EF3BA /* Base */,
			);
			name = Main.storyboard;
			sourceTree = "<group>";
		};
		2C65269621260576006EF3BA /* LaunchScreen.storyboard */ = {
			isa = PBXVariantGroup;
			children = (
				2C65269721260576006EF3BA /* Base */,
			);
			name = LaunchScreen.storyboard;
			sourceTree = "<group>";
		};
/* End PBXVariantGroup section */

/* Begin XCBuildConfiguration section */
		2C65269A21260576006EF3BA /* Debug */ = {
			isa = XCBuildConfiguration;
			buildSettings = {
				ALWAYS_SEARCH_USER_PATHS = NO;
				CLANG_ANALYZER_NONNULL = YES;
				CLANG_ANALYZER_NUMBER_OBJECT_CONVERSION = YES_AGGRESSIVE;
				CLANG_CXX_LANGUAGE_STANDARD = "gnu++14";
				CLANG_CXX_LIBRARY = "libc++";
				CLANG_ENABLE_MODULES = YES;
				CLANG_ENABLE_OBJC_ARC = YES;
				CLANG_ENABLE_OBJC_WEAK = YES;
				CLANG_WARN_BLOCK_CAPTURE_AUTORELEASING = YES;
				CLANG_WARN_BOOL_CONVERSION = YES;
				CLANG_WARN_COMMA = YES;
				CLANG_WARN_CONSTANT_CONVERSION = YES;
				CLANG_WARN_DEPRECATED_OBJC_IMPLEMENTATIONS = YES;
				CLANG_WARN_DIRECT_OBJC_ISA_USAGE = YES_ERROR;
				CLANG_WARN_DOCUMENTATION_COMMENTS = YES;
				CLANG_WARN_EMPTY_BODY = YES;
				CLANG_WARN_ENUM_CONVERSION = YES;
				CLANG_WARN_INFINITE_RECURSION = YES;
				CLANG_WARN_INT_CONVERSION = YES;
				CLANG_WARN_NON_LITERAL_NULL_CONVERSION = YES;
				CLANG_WARN_OBJC_IMPLICIT_RETAIN_SELF = YES;
				CLANG_WARN_OBJC_LITERAL_CONVERSION = YES;
				CLANG_WARN_OBJC_ROOT_CLASS = YES_ERROR;
				CLANG_WARN_RANGE_LOOP_ANALYSIS = YES;
				CLANG_WARN_STRICT_PROTOTYPES = YES;
				CLANG_WARN_SUSPICIOUS_MOVE = YES;
				CLANG_WARN_UNGUARDED_AVAILABILITY = YES_AGGRESSIVE;
				CLANG_WARN_UNREACHABLE_CODE = YES;
				CLANG_WARN__DUPLICATE_METHOD_MATCH = YES;
				CODE_SIGN_IDENTITY = "iPhone Developer";
				COPY_PHASE_STRIP = NO;
				DEBUG_INFORMATION_FORMAT = dwarf;
				ENABLE_STRICT_OBJC_MSGSEND = YES;
				ENABLE_TESTABILITY = YES;
				GCC_C_LANGUAGE_STANDARD = gnu11;
				GCC_DYNAMIC_NO_PIC = NO;
				GCC_NO_COMMON_BLOCKS = YES;
				GCC_OPTIMIZATION_LEVEL = 0;
				GCC_PREPROCESSOR_DEFINITIONS = (
					"DEBUG=1",
					"$(inherited)",
				);
				GCC_WARN_64_TO_32_BIT_CONVERSION = YES;
				GCC_WARN_ABOUT_RETURN_TYPE = YES_ERROR;
				GCC_WARN_UNDECLARED_SELECTOR = YES;
				GCC_WARN_UNINITIALIZED_AUTOS = YES_AGGRESSIVE;
				GCC_WARN_UNUSED_FUNCTION = YES;
				GCC_WARN_UNUSED_VARIABLE = YES;
				IPHONEOS_DEPLOYMENT_TARGET = 11.4;
				MTL_ENABLE_DEBUG_INFO = YES;
				ONLY_ACTIVE_ARCH = YES;
				SDKROOT = iphoneos;
				SWIFT_ACTIVE_COMPILATION_CONDITIONS = DEBUG;
				SWIFT_OPTIMIZATION_LEVEL = "-Onone";
			};
			name = Debug;
		};
		2C65269B21260576006EF3BA /* Release */ = {
			isa = XCBuildConfiguration;
			buildSettings = {
				ALWAYS_SEARCH_USER_PATHS = NO;
				CLANG_ANALYZER_NONNULL = YES;
				CLANG_ANALYZER_NUMBER_OBJECT_CONVERSION = YES_AGGRESSIVE;
				CLANG_CXX_LANGUAGE_STANDARD = "gnu++14";
				CLANG_CXX_LIBRARY = "libc++";
				CLANG_ENABLE_MODULES = YES;
				CLANG_ENABLE_OBJC_ARC = YES;
				CLANG_ENABLE_OBJC_WEAK = YES;
				CLANG_WARN_BLOCK_CAPTURE_AUTORELEASING = YES;
				CLANG_WARN_BOOL_CONVERSION = YES;
				CLANG_WARN_COMMA = YES;
				CLANG_WARN_CONSTANT_CONVERSION = YES;
				CLANG_WARN_DEPRECATED_OBJC_IMPLEMENTATIONS = YES;
				CLANG_WARN_DIRECT_OBJC_ISA_USAGE = YES_ERROR;
				CLANG_WARN_DOCUMENTATION_COMMENTS = YES;
				CLANG_WARN_EMPTY_BODY = YES;
				CLANG_WARN_ENUM_CONVERSION = YES;
				CLANG_WARN_INFINITE_RECURSION = YES;
				CLANG_WARN_INT_CONVERSION = YES;
				CLANG_WARN_NON_LITERAL_NULL_CONVERSION = YES;
				CLANG_WARN_OBJC_IMPLICIT_RETAIN_SELF = YES;
				CLANG_WARN_OBJC_LITERAL_CONVERSION = YES;
				CLANG_WARN_OBJC_ROOT_CLASS = YES_ERROR;
				CLANG_WARN_RANGE_LOOP_ANALYSIS = YES;
				CLANG_WARN_STRICT_PROTOTYPES = YES;
				CLANG_WARN_SUSPICIOUS_MOVE = YES;
				CLANG_WARN_UNGUARDED_AVAILABILITY = YES_AGGRESSIVE;
				CLANG_WARN_UNREACHABLE_CODE = YES;
				CLANG_WARN__DUPLICATE_METHOD_MATCH = YES;
				CODE_SIGN_IDENTITY = "iPhone Developer";
				COPY_PHASE_STRIP = NO;
				DEBUG_INFORMATION_FORMAT = "dwarf-with-dsym";
				ENABLE_NS_ASSERTIONS = NO;
				ENABLE_STRICT_OBJC_MSGSEND = YES;
				GCC_C_LANGUAGE_STANDARD = gnu11;
				GCC_NO_COMMON_BLOCKS = YES;
				GCC_WARN_64_TO_32_BIT_CONVERSION = YES;
				GCC_WARN_ABOUT_RETURN_TYPE = YES_ERROR;
				GCC_WARN_UNDECLARED_SELECTOR = YES;
				GCC_WARN_UNINITIALIZED_AUTOS = YES_AGGRESSIVE;
				GCC_WARN_UNUSED_FUNCTION = YES;
				GCC_WARN_UNUSED_VARIABLE = YES;
				IPHONEOS_DEPLOYMENT_TARGET = 11.4;
				MTL_ENABLE_DEBUG_INFO = NO;
				SDKROOT = iphoneos;
				SWIFT_COMPILATION_MODE = wholemodule;
				SWIFT_OPTIMIZATION_LEVEL = "-O";
				VALIDATE_PRODUCT = YES;
			};
			name = Release;
		};
		2C65269D21260576006EF3BA /* Debug */ = {
			isa = XCBuildConfiguration;
			buildSettings = {
				ASSETCATALOG_COMPILER_APPICON_NAME = AppIcon;
				CODE_SIGN_STYLE = Automatic;
				DEVELOPMENT_TEAM = 6X5H2JMEXK;
				FRAMEWORK_SEARCH_PATHS = (
					"$(inherited)",
					"$(PROJECT_DIR)/Carthage/Build/iOS",
				);
				INFOPLIST_FILE = Photoshare/Info.plist;
				LD_RUNPATH_SEARCH_PATHS = (
					"$(inherited)",
					"@executable_path/Frameworks",
				);
				PRODUCT_BUNDLE_IDENTIFIER = com.marcusl.Photoshare;
				PRODUCT_NAME = "$(TARGET_NAME)";
				SWIFT_VERSION = 4.0;
				TARGETED_DEVICE_FAMILY = "1,2";
			};
			name = Debug;
		};
		2C65269E21260576006EF3BA /* Release */ = {
			isa = XCBuildConfiguration;
			buildSettings = {
				ASSETCATALOG_COMPILER_APPICON_NAME = AppIcon;
				CODE_SIGN_STYLE = Automatic;
				DEVELOPMENT_TEAM = 6X5H2JMEXK;
				FRAMEWORK_SEARCH_PATHS = (
					"$(inherited)",
					"$(PROJECT_DIR)/Carthage/Build/iOS",
				);
				INFOPLIST_FILE = Photoshare/Info.plist;
				LD_RUNPATH_SEARCH_PATHS = (
					"$(inherited)",
					"@executable_path/Frameworks",
				);
				PRODUCT_BUNDLE_IDENTIFIER = com.marcusl.Photoshare;
				PRODUCT_NAME = "$(TARGET_NAME)";
				SWIFT_VERSION = 4.0;
				TARGETED_DEVICE_FAMILY = "1,2";
			};
			name = Release;
		};
/* End XCBuildConfiguration section */

/* Begin XCConfigurationList section */
		2C65268521260575006EF3BA /* Build configuration list for PBXProject "Photoshare" */ = {
			isa = XCConfigurationList;
			buildConfigurations = (
				2C65269A21260576006EF3BA /* Debug */,
				2C65269B21260576006EF3BA /* Release */,
			);
			defaultConfigurationIsVisible = 0;
			defaultConfigurationName = Release;
		};
		2C65269C21260576006EF3BA /* Build configuration list for PBXNativeTarget "Photoshare" */ = {
			isa = XCConfigurationList;
			buildConfigurations = (
				2C65269D21260576006EF3BA /* Debug */,
				2C65269E21260576006EF3BA /* Release */,
			);
			defaultConfigurationIsVisible = 0;
			defaultConfigurationName = Release;
		};
/* End XCConfigurationList section */
	};
	rootObject = 2C65268221260575006EF3BA /* Project object */;
}
